// !$*UTF8*$!
{
	archiveVersion = 1;
	classes = {
	};
	objectVersion = 46;
	objects = {

/* Begin PBXBuildFile section */
		9D562C12AE72E5F600944A81 /* Pods_ThesaurusApp.framework in Frameworks */ = {isa = PBXBuildFile; fileRef = E3EEB859A0B62BA9848ED2C6 /* Pods_ThesaurusApp.framework */; };
		C30D927D1F022A200092EA92 /* Section.swift in Sources */ = {isa = PBXBuildFile; fileRef = C30D927C1F022A200092EA92 /* Section.swift */; };
		C30D92801F025DD40092EA92 /* CoreDataService.swift in Sources */ = {isa = PBXBuildFile; fileRef = C30D927F1F025DD40092EA92 /* CoreDataService.swift */; };
		C30D92821F027DB30092EA92 /* WordType.swift in Sources */ = {isa = PBXBuildFile; fileRef = C30D92811F027DB30092EA92 /* WordType.swift */; };
		C30D92841F0285A90092EA92 /* HistoryViewController.swift in Sources */ = {isa = PBXBuildFile; fileRef = C30D92831F0285A90092EA92 /* HistoryViewController.swift */; };
		C30D92861F0294B40092EA92 /* SynonymViewController.swift in Sources */ = {isa = PBXBuildFile; fileRef = C30D92851F0294B40092EA92 /* SynonymViewController.swift */; };
		C30D92881F0296F10092EA92 /* Synonym.swift in Sources */ = {isa = PBXBuildFile; fileRef = C30D92871F0296F10092EA92 /* Synonym.swift */; };
		C30D928A1F02A4C70092EA92 /* Model.swift in Sources */ = {isa = PBXBuildFile; fileRef = C30D92891F02A4C70092EA92 /* Model.swift */; };
		C3D597981F01129B00202F11 /* AppDelegate.swift in Sources */ = {isa = PBXBuildFile; fileRef = C3D597971F01129B00202F11 /* AppDelegate.swift */; };
		C3D5979A1F01129B00202F11 /* ViewController.swift in Sources */ = {isa = PBXBuildFile; fileRef = C3D597991F01129B00202F11 /* ViewController.swift */; };
		C3D5979D1F01129B00202F11 /* Main.storyboard in Resources */ = {isa = PBXBuildFile; fileRef = C3D5979B1F01129B00202F11 /* Main.storyboard */; };
		C3D597A01F01129B00202F11 /* ThesaurusApp.xcdatamodeld in Sources */ = {isa = PBXBuildFile; fileRef = C3D5979E1F01129B00202F11 /* ThesaurusApp.xcdatamodeld */; };
		C3D597A21F01129B00202F11 /* Assets.xcassets in Resources */ = {isa = PBXBuildFile; fileRef = C3D597A11F01129B00202F11 /* Assets.xcassets */; };
		C3D597A51F01129B00202F11 /* LaunchScreen.storyboard in Resources */ = {isa = PBXBuildFile; fileRef = C3D597A31F01129B00202F11 /* LaunchScreen.storyboard */; };
		C3D597AD1F0116FD00202F11 /* SearchViewController.swift in Sources */ = {isa = PBXBuildFile; fileRef = C3D597AC1F0116FD00202F11 /* SearchViewController.swift */; };
		C3D597B21F0118E600202F11 /* Word.swift in Sources */ = {isa = PBXBuildFile; fileRef = C3D597B11F0118E600202F11 /* Word.swift */; };
		C3D597B61F011D6A00202F11 /* Podfile in Resources */ = {isa = PBXBuildFile; fileRef = C3D597B51F011D6A00202F11 /* Podfile */; };
		C3D597B91F01242F00202F11 /* SynonymCell.swift in Sources */ = {isa = PBXBuildFile; fileRef = C3D597B81F01242F00202F11 /* SynonymCell.swift */; };
		C3D597BB1F012D0D00202F11 /* ApiService.swift in Sources */ = {isa = PBXBuildFile; fileRef = C3D597BA1F012D0D00202F11 /* ApiService.swift */; };
		C3D597BD1F01379200202F11 /* ThesaurusResponse.swift in Sources */ = {isa = PBXBuildFile; fileRef = C3D597BC1F01379200202F11 /* ThesaurusResponse.swift */; };
		C3D597C01F01446C00202F11 /* GlobalConstants.swift in Sources */ = {isa = PBXBuildFile; fileRef = C3D597BF1F01446C00202F11 /* GlobalConstants.swift */; };
		C3D597C21F014ED400202F11 /* ApiError.swift in Sources */ = {isa = PBXBuildFile; fileRef = C3D597C11F014ED400202F11 /* ApiError.swift */; };
/* End PBXBuildFile section */

/* Begin PBXFileReference section */
		8517A082B4823629B7599D27 /* Pods-ThesaurusApp.debug.xcconfig */ = {isa = PBXFileReference; includeInIndex = 1; lastKnownFileType = text.xcconfig; name = "Pods-ThesaurusApp.debug.xcconfig"; path = "Pods/Target Support Files/Pods-ThesaurusApp/Pods-ThesaurusApp.debug.xcconfig"; sourceTree = "<group>"; };
		99865106468E04C1F3A138D4 /* Pods-ThesaurusApp.release.xcconfig */ = {isa = PBXFileReference; includeInIndex = 1; lastKnownFileType = text.xcconfig; name = "Pods-ThesaurusApp.release.xcconfig"; path = "Pods/Target Support Files/Pods-ThesaurusApp/Pods-ThesaurusApp.release.xcconfig"; sourceTree = "<group>"; };
		C30D927C1F022A200092EA92 /* Section.swift */ = {isa = PBXFileReference; fileEncoding = 4; lastKnownFileType = sourcecode.swift; path = Section.swift; sourceTree = "<group>"; };
		C30D927F1F025DD40092EA92 /* CoreDataService.swift */ = {isa = PBXFileReference; fileEncoding = 4; lastKnownFileType = sourcecode.swift; path = CoreDataService.swift; sourceTree = "<group>"; };
		C30D92811F027DB30092EA92 /* WordType.swift */ = {isa = PBXFileReference; fileEncoding = 4; lastKnownFileType = sourcecode.swift; path = WordType.swift; sourceTree = "<group>"; };
		C30D92831F0285A90092EA92 /* HistoryViewController.swift */ = {isa = PBXFileReference; fileEncoding = 4; lastKnownFileType = sourcecode.swift; path = HistoryViewController.swift; sourceTree = "<group>"; };
		C30D92851F0294B40092EA92 /* SynonymViewController.swift */ = {isa = PBXFileReference; fileEncoding = 4; lastKnownFileType = sourcecode.swift; path = SynonymViewController.swift; sourceTree = "<group>"; };
		C30D92871F0296F10092EA92 /* Synonym.swift */ = {isa = PBXFileReference; fileEncoding = 4; lastKnownFileType = sourcecode.swift; path = Synonym.swift; sourceTree = "<group>"; };
		C30D92891F02A4C70092EA92 /* Model.swift */ = {isa = PBXFileReference; fileEncoding = 4; lastKnownFileType = sourcecode.swift; path = Model.swift; sourceTree = "<group>"; };
		C3D597941F01129B00202F11 /* ThesaurusApp.app */ = {isa = PBXFileReference; explicitFileType = wrapper.application; includeInIndex = 0; path = ThesaurusApp.app; sourceTree = BUILT_PRODUCTS_DIR; };
		C3D597971F01129B00202F11 /* AppDelegate.swift */ = {isa = PBXFileReference; lastKnownFileType = sourcecode.swift; path = AppDelegate.swift; sourceTree = "<group>"; };
		C3D597991F01129B00202F11 /* ViewController.swift */ = {isa = PBXFileReference; lastKnownFileType = sourcecode.swift; path = ViewController.swift; sourceTree = "<group>"; };
		C3D5979C1F01129B00202F11 /* Base */ = {isa = PBXFileReference; lastKnownFileType = file.storyboard; name = Base; path = Base.lproj/Main.storyboard; sourceTree = "<group>"; };
		C3D5979F1F01129B00202F11 /* ThesaurusApp.xcdatamodel */ = {isa = PBXFileReference; lastKnownFileType = wrapper.xcdatamodel; path = ThesaurusApp.xcdatamodel; sourceTree = "<group>"; };
		C3D597A11F01129B00202F11 /* Assets.xcassets */ = {isa = PBXFileReference; lastKnownFileType = folder.assetcatalog; path = Assets.xcassets; sourceTree = "<group>"; };
		C3D597A41F01129B00202F11 /* Base */ = {isa = PBXFileReference; lastKnownFileType = file.storyboard; name = Base; path = Base.lproj/LaunchScreen.storyboard; sourceTree = "<group>"; };
		C3D597A61F01129B00202F11 /* Info.plist */ = {isa = PBXFileReference; lastKnownFileType = text.plist.xml; path = Info.plist; sourceTree = "<group>"; };
		C3D597AC1F0116FD00202F11 /* SearchViewController.swift */ = {isa = PBXFileReference; fileEncoding = 4; lastKnownFileType = sourcecode.swift; path = SearchViewController.swift; sourceTree = "<group>"; };
		C3D597B11F0118E600202F11 /* Word.swift */ = {isa = PBXFileReference; fileEncoding = 4; lastKnownFileType = sourcecode.swift; path = Word.swift; sourceTree = "<group>"; };
		C3D597B51F011D6A00202F11 /* Podfile */ = {isa = PBXFileReference; fileEncoding = 4; lastKnownFileType = text; path = Podfile; sourceTree = "<group>"; xcLanguageSpecificationIdentifier = xcode.lang.ruby; };
		C3D597B81F01242F00202F11 /* SynonymCell.swift */ = {isa = PBXFileReference; fileEncoding = 4; lastKnownFileType = sourcecode.swift; path = SynonymCell.swift; sourceTree = "<group>"; };
		C3D597BA1F012D0D00202F11 /* ApiService.swift */ = {isa = PBXFileReference; fileEncoding = 4; lastKnownFileType = sourcecode.swift; path = ApiService.swift; sourceTree = "<group>"; };
		C3D597BC1F01379200202F11 /* ThesaurusResponse.swift */ = {isa = PBXFileReference; fileEncoding = 4; lastKnownFileType = sourcecode.swift; path = ThesaurusResponse.swift; sourceTree = "<group>"; };
		C3D597BF1F01446C00202F11 /* GlobalConstants.swift */ = {isa = PBXFileReference; fileEncoding = 4; lastKnownFileType = sourcecode.swift; path = GlobalConstants.swift; sourceTree = "<group>"; };
		C3D597C11F014ED400202F11 /* ApiError.swift */ = {isa = PBXFileReference; fileEncoding = 4; lastKnownFileType = sourcecode.swift; path = ApiError.swift; sourceTree = "<group>"; };
		E3EEB859A0B62BA9848ED2C6 /* Pods_ThesaurusApp.framework */ = {isa = PBXFileReference; explicitFileType = wrapper.framework; includeInIndex = 0; path = Pods_ThesaurusApp.framework; sourceTree = BUILT_PRODUCTS_DIR; };
/* End PBXFileReference section */

/* Begin PBXFrameworksBuildPhase section */
		C3D597911F01129B00202F11 /* Frameworks */ = {
			isa = PBXFrameworksBuildPhase;
			buildActionMask = 2147483647;
			files = (
				9D562C12AE72E5F600944A81 /* Pods_ThesaurusApp.framework in Frameworks */,
			);
			runOnlyForDeploymentPostprocessing = 0;
		};
/* End PBXFrameworksBuildPhase section */

/* Begin PBXGroup section */
		172ECD1DCF46B040566D0166 /* Frameworks */ = {
			isa = PBXGroup;
			children = (
				E3EEB859A0B62BA9848ED2C6 /* Pods_ThesaurusApp.framework */,
			);
			name = Frameworks;
			sourceTree = "<group>";
		};
		6847D3C06014002C81102249 /* Pods */ = {
			isa = PBXGroup;
			children = (
				8517A082B4823629B7599D27 /* Pods-ThesaurusApp.debug.xcconfig */,
				99865106468E04C1F3A138D4 /* Pods-ThesaurusApp.release.xcconfig */,
			);
			name = Pods;
			sourceTree = "<group>";
		};
		C30D927E1F025D150092EA92 /* CoreData */ = {
			isa = PBXGroup;
			children = (
				C30D927F1F025DD40092EA92 /* CoreDataService.swift */,
			);
			name = CoreData;
			sourceTree = "<group>";
		};
		C3D5978B1F01129B00202F11 = {
			isa = PBXGroup;
			children = (
				C3D597B51F011D6A00202F11 /* Podfile */,
				C3D597961F01129B00202F11 /* ThesaurusApp */,
				C3D597951F01129B00202F11 /* Products */,
				6847D3C06014002C81102249 /* Pods */,
				172ECD1DCF46B040566D0166 /* Frameworks */,
			);
			sourceTree = "<group>";
		};
		C3D597951F01129B00202F11 /* Products */ = {
			isa = PBXGroup;
			children = (
				C3D597941F01129B00202F11 /* ThesaurusApp.app */,
			);
			name = Products;
			sourceTree = "<group>";
		};
		C3D597961F01129B00202F11 /* ThesaurusApp */ = {
			isa = PBXGroup;
			children = (
				C3D597B71F01221400202F11 /* API */,
				C3D597AF1F01185800202F11 /* Model */,
				C3D597B01F01186200202F11 /* View */,
				C3D597AE1F01184500202F11 /* Controllers */,
				C30D927E1F025D150092EA92 /* CoreData */,
				C3D597BE1F01444A00202F11 /* Service */,
				C3D597971F01129B00202F11 /* AppDelegate.swift */,
				C3D597991F01129B00202F11 /* ViewController.swift */,
				C3D5979B1F01129B00202F11 /* Main.storyboard */,
				C3D597A11F01129B00202F11 /* Assets.xcassets */,
				C3D597A31F01129B00202F11 /* LaunchScreen.storyboard */,
				C3D597A61F01129B00202F11 /* Info.plist */,
				C3D5979E1F01129B00202F11 /* ThesaurusApp.xcdatamodeld */,
			);
			path = ThesaurusApp;
			sourceTree = "<group>";
		};
		C3D597AE1F01184500202F11 /* Controllers */ = {
			isa = PBXGroup;
			children = (
				C3D597AC1F0116FD00202F11 /* SearchViewController.swift */,
				C30D92831F0285A90092EA92 /* HistoryViewController.swift */,
				C30D92851F0294B40092EA92 /* SynonymViewController.swift */,
			);
			name = Controllers;
			sourceTree = "<group>";
		};
		C3D597AF1F01185800202F11 /* Model */ = {
			isa = PBXGroup;
			children = (
				C3D597B11F0118E600202F11 /* Word.swift */,
				C30D92811F027DB30092EA92 /* WordType.swift */,
				C30D92871F0296F10092EA92 /* Synonym.swift */,
				C30D92891F02A4C70092EA92 /* Model.swift */,
			);
			name = Model;
			sourceTree = "<group>";
		};
		C3D597B01F01186200202F11 /* View */ = {
			isa = PBXGroup;
			children = (
				C3D597B81F01242F00202F11 /* SynonymCell.swift */,
				C30D927C1F022A200092EA92 /* Section.swift */,
			);
			name = View;
			sourceTree = "<group>";
		};
		C3D597B71F01221400202F11 /* API */ = {
			isa = PBXGroup;
			children = (
				C3D597BA1F012D0D00202F11 /* ApiService.swift */,
				C3D597BC1F01379200202F11 /* ThesaurusResponse.swift */,
				C3D597C11F014ED400202F11 /* ApiError.swift */,
			);
			name = API;
			sourceTree = "<group>";
		};
		C3D597BE1F01444A00202F11 /* Service */ = {
			isa = PBXGroup;
			children = (
				C3D597BF1F01446C00202F11 /* GlobalConstants.swift */,
			);
			name = Service;
			sourceTree = "<group>";
		};
/* End PBXGroup section */

/* Begin PBXNativeTarget section */
		C3D597931F01129B00202F11 /* ThesaurusApp */ = {
			isa = PBXNativeTarget;
			buildConfigurationList = C3D597A91F01129B00202F11 /* Build configuration list for PBXNativeTarget "ThesaurusApp" */;
			buildPhases = (
				B16D54B7C305FA80603F78BD /* [CP] Check Pods Manifest.lock */,
				C3D597901F01129B00202F11 /* Sources */,
				C3D597911F01129B00202F11 /* Frameworks */,
				C3D597921F01129B00202F11 /* Resources */,
				D75DACCA37BB9AF79DDF8D05 /* [CP] Embed Pods Frameworks */,
				4330ABCE1BE0817FECFDD2B5 /* [CP] Copy Pods Resources */,
			);
			buildRules = (
			);
			dependencies = (
			);
			name = ThesaurusApp;
			productName = ThesaurusApp;
			productReference = C3D597941F01129B00202F11 /* ThesaurusApp.app */;
			productType = "com.apple.product-type.application";
		};
/* End PBXNativeTarget section */

/* Begin PBXProject section */
		C3D5978C1F01129B00202F11 /* Project object */ = {
			isa = PBXProject;
			attributes = {
				LastSwiftUpdateCheck = 0730;
				LastUpgradeCheck = 0730;
				ORGANIZATIONNAME = Administrator;
				TargetAttributes = {
					C3D597931F01129B00202F11 = {
						CreatedOnToolsVersion = 7.3.1;
					};
				};
			};
			buildConfigurationList = C3D5978F1F01129B00202F11 /* Build configuration list for PBXProject "ThesaurusApp" */;
			compatibilityVersion = "Xcode 3.2";
			developmentRegion = English;
			hasScannedForEncodings = 0;
			knownRegions = (
				en,
				Base,
			);
			mainGroup = C3D5978B1F01129B00202F11;
			productRefGroup = C3D597951F01129B00202F11 /* Products */;
			projectDirPath = "";
			projectRoot = "";
			targets = (
				C3D597931F01129B00202F11 /* ThesaurusApp */,
			);
		};
/* End PBXProject section */

/* Begin PBXResourcesBuildPhase section */
		C3D597921F01129B00202F11 /* Resources */ = {
			isa = PBXResourcesBuildPhase;
			buildActionMask = 2147483647;
			files = (
				C3D597A51F01129B00202F11 /* LaunchScreen.storyboard in Resources */,
				C3D597A21F01129B00202F11 /* Assets.xcassets in Resources */,
				C3D597B61F011D6A00202F11 /* Podfile in Resources */,
				C3D5979D1F01129B00202F11 /* Main.storyboard in Resources */,
			);
			runOnlyForDeploymentPostprocessing = 0;
		};
/* End PBXResourcesBuildPhase section */

/* Begin PBXShellScriptBuildPhase section */
		4330ABCE1BE0817FECFDD2B5 /* [CP] Copy Pods Resources */ = {
			isa = PBXShellScriptBuildPhase;
			buildActionMask = 2147483647;
			files = (
			);
			inputPaths = (
			);
			name = "[CP] Copy Pods Resources";
			outputPaths = (
			);
			runOnlyForDeploymentPostprocessing = 0;
			shellPath = /bin/sh;
			shellScript = "\"${SRCROOT}/Pods/Target Support Files/Pods-ThesaurusApp/Pods-ThesaurusApp-resources.sh\"\n";
			showEnvVarsInLog = 0;
		};
		B16D54B7C305FA80603F78BD /* [CP] Check Pods Manifest.lock */ = {
			isa = PBXShellScriptBuildPhase;
			buildActionMask = 2147483647;
			files = (
			);
			inputPaths = (
			);
			name = "[CP] Check Pods Manifest.lock";
			outputPaths = (
			);
			runOnlyForDeploymentPostprocessing = 0;
			shellPath = /bin/sh;
			shellScript = "diff \"${PODS_ROOT}/../Podfile.lock\" \"${PODS_ROOT}/Manifest.lock\" > /dev/null\nif [[ $? != 0 ]] ; then\n    cat << EOM\nerror: The sandbox is not in sync with the Podfile.lock. Run 'pod install' or update your CocoaPods installation.\nEOM\n    exit 1\nfi\n";
			showEnvVarsInLog = 0;
		};
		D75DACCA37BB9AF79DDF8D05 /* [CP] Embed Pods Frameworks */ = {
			isa = PBXShellScriptBuildPhase;
			buildActionMask = 2147483647;
			files = (
			);
			inputPaths = (
			);
			name = "[CP] Embed Pods Frameworks";
			outputPaths = (
			);
			runOnlyForDeploymentPostprocessing = 0;
			shellPath = /bin/sh;
			shellScript = "\"${SRCROOT}/Pods/Target Support Files/Pods-ThesaurusApp/Pods-ThesaurusApp-frameworks.sh\"\n";
			showEnvVarsInLog = 0;
		};
/* End PBXShellScriptBuildPhase section */

/* Begin PBXSourcesBuildPhase section */
		C3D597901F01129B00202F11 /* Sources */ = {
			isa = PBXSourcesBuildPhase;
			buildActionMask = 2147483647;
			files = (
				C3D597AD1F0116FD00202F11 /* SearchViewController.swift in Sources */,
				C3D597C01F01446C00202F11 /* GlobalConstants.swift in Sources */,
				C3D597BB1F012D0D00202F11 /* ApiService.swift in Sources */,
				C30D92821F027DB30092EA92 /* WordType.swift in Sources */,
				C3D597C21F014ED400202F11 /* ApiError.swift in Sources */,
				C30D92881F0296F10092EA92 /* Synonym.swift in Sources */,
				C30D92841F0285A90092EA92 /* HistoryViewController.swift in Sources */,
				C30D92801F025DD40092EA92 /* CoreDataService.swift in Sources */,
				C30D927D1F022A200092EA92 /* Section.swift in Sources */,
				C3D5979A1F01129B00202F11 /* ViewController.swift in Sources */,
				C30D928A1F02A4C70092EA92 /* Model.swift in Sources */,
				C3D597B21F0118E600202F11 /* Word.swift in Sources */,
				C30D92861F0294B40092EA92 /* SynonymViewController.swift in Sources */,
				C3D597B91F01242F00202F11 /* SynonymCell.swift in Sources */,
				C3D597BD1F01379200202F11 /* ThesaurusResponse.swift in Sources */,
				C3D597A01F01129B00202F11 /* ThesaurusApp.xcdatamodeld in Sources */,
				C3D597981F01129B00202F11 /* AppDelegate.swift in Sources */,
			);
			runOnlyForDeploymentPostprocessing = 0;
		};
/* End PBXSourcesBuildPhase section */

/* Begin PBXVariantGroup section */
		C3D5979B1F01129B00202F11 /* Main.storyboard */ = {
			isa = PBXVariantGroup;
			children = (
				C3D5979C1F01129B00202F11 /* Base */,
			);
			name = Main.storyboard;
			sourceTree = "<group>";
		};
		C3D597A31F01129B00202F11 /* LaunchScreen.storyboard */ = {
			isa = PBXVariantGroup;
			children = (
				C3D597A41F01129B00202F11 /* Base */,
			);
			name = LaunchScreen.storyboard;
			sourceTree = "<group>";
		};
/* End PBXVariantGroup section */

/* Begin XCBuildConfiguration section */
		C3D597A71F01129B00202F11 /* Debug */ = {
			isa = XCBuildConfiguration;
			buildSettings = {
				ALWAYS_SEARCH_USER_PATHS = NO;
				CLANG_ANALYZER_NONNULL = YES;
				CLANG_CXX_LANGUAGE_STANDARD = "gnu++0x";
				CLANG_CXX_LIBRARY = "libc++";
				CLANG_ENABLE_MODULES = YES;
				CLANG_ENABLE_OBJC_ARC = YES;
				CLANG_WARN_BOOL_CONVERSION = YES;
				CLANG_WARN_CONSTANT_CONVERSION = YES;
				CLANG_WARN_DIRECT_OBJC_ISA_USAGE = YES_ERROR;
				CLANG_WARN_EMPTY_BODY = YES;
				CLANG_WARN_ENUM_CONVERSION = YES;
				CLANG_WARN_INT_CONVERSION = YES;
				CLANG_WARN_OBJC_ROOT_CLASS = YES_ERROR;
				CLANG_WARN_UNREACHABLE_CODE = YES;
				CLANG_WARN__DUPLICATE_METHOD_MATCH = YES;
				"CODE_SIGN_IDENTITY[sdk=iphoneos*]" = "iPhone Developer";
				COPY_PHASE_STRIP = NO;
				DEBUG_INFORMATION_FORMAT = dwarf;
				ENABLE_STRICT_OBJC_MSGSEND = YES;
				ENABLE_TESTABILITY = YES;
				GCC_C_LANGUAGE_STANDARD = gnu99;
				GCC_DYNAMIC_NO_PIC = NO;
				GCC_NO_COMMON_BLOCKS = YES;
				GCC_OPTIMIZATION_LEVEL = 0;
				GCC_PREPROCESSOR_DEFINITIONS = (
					"DEBUG=1",
					"$(inherited)",
				);
				GCC_WARN_64_TO_32_BIT_CONVERSION = YES;
				GCC_WARN_ABOUT_RETURN_TYPE = YES_ERROR;
				GCC_WARN_UNDECLARED_SELECTOR = YES;
				GCC_WARN_UNINITIALIZED_AUTOS = YES_AGGRESSIVE;
				GCC_WARN_UNUSED_FUNCTION = YES;
				GCC_WARN_UNUSED_VARIABLE = YES;
				IPHONEOS_DEPLOYMENT_TARGET = 9.3;
				MTL_ENABLE_DEBUG_INFO = YES;
				ONLY_ACTIVE_ARCH = YES;
				SDKROOT = iphoneos;
				SWIFT_OPTIMIZATION_LEVEL = "-Onone";
				TARGETED_DEVICE_FAMILY = "1,2";
			};
			name = Debug;
		};
		C3D597A81F01129B00202F11 /* Release */ = {
			isa = XCBuildConfiguration;
			buildSettings = {
				ALWAYS_SEARCH_USER_PATHS = NO;
				CLANG_ANALYZER_NONNULL = YES;
				CLANG_CXX_LANGUAGE_STANDARD = "gnu++0x";
				CLANG_CXX_LIBRARY = "libc++";
				CLANG_ENABLE_MODULES = YES;
				CLANG_ENABLE_OBJC_ARC = YES;
				CLANG_WARN_BOOL_CONVERSION = YES;
				CLANG_WARN_CONSTANT_CONVERSION = YES;
				CLANG_WARN_DIRECT_OBJC_ISA_USAGE = YES_ERROR;
				CLANG_WARN_EMPTY_BODY = YES;
				CLANG_WARN_ENUM_CONVERSION = YES;
				CLANG_WARN_INT_CONVERSION = YES;
				CLANG_WARN_OBJC_ROOT_CLASS = YES_ERROR;
				CLANG_WARN_UNREACHABLE_CODE = YES;
				CLANG_WARN__DUPLICATE_METHOD_MATCH = YES;
				"CODE_SIGN_IDENTITY[sdk=iphoneos*]" = "iPhone Developer";
				COPY_PHASE_STRIP = NO;
				DEBUG_INFORMATION_FORMAT = "dwarf-with-dsym";
				ENABLE_NS_ASSERTIONS = NO;
				ENABLE_STRICT_OBJC_MSGSEND = YES;
				GCC_C_LANGUAGE_STANDARD = gnu99;
				GCC_NO_COMMON_BLOCKS = YES;
				GCC_WARN_64_TO_32_BIT_CONVERSION = YES;
				GCC_WARN_ABOUT_RETURN_TYPE = YES_ERROR;
				GCC_WARN_UNDECLARED_SELECTOR = YES;
				GCC_WARN_UNINITIALIZED_AUTOS = YES_AGGRESSIVE;
				GCC_WARN_UNUSED_FUNCTION = YES;
				GCC_WARN_UNUSED_VARIABLE = YES;
				IPHONEOS_DEPLOYMENT_TARGET = 9.3;
				MTL_ENABLE_DEBUG_INFO = NO;
				SDKROOT = iphoneos;
				TARGETED_DEVICE_FAMILY = "1,2";
				VALIDATE_PRODUCT = YES;
			};
			name = Release;
		};
		C3D597AA1F01129B00202F11 /* Debug */ = {
			isa = XCBuildConfiguration;
			baseConfigurationReference = 8517A082B4823629B7599D27 /* Pods-ThesaurusApp.debug.xcconfig */;
			buildSettings = {
				ASSETCATALOG_COMPILER_APPICON_NAME = AppIcon;
				INFOPLIST_FILE = ThesaurusApp/Info.plist;
				LD_RUNPATH_SEARCH_PATHS = "$(inherited) @executable_path/Frameworks";
				PRODUCT_BUNDLE_IDENTIFIER = com.app.ThesaurusApp;
				PRODUCT_NAME = "$(TARGET_NAME)";
			};
			name = Debug;
		};
		C3D597AB1F01129B00202F11 /* Release */ = {
			isa = XCBuildConfiguration;
			baseConfigurationReference = 99865106468E04C1F3A138D4 /* Pods-ThesaurusApp.release.xcconfig */;
			buildSettings = {
				ASSETCATALOG_COMPILER_APPICON_NAME = AppIcon;
				INFOPLIST_FILE = ThesaurusApp/Info.plist;
				LD_RUNPATH_SEARCH_PATHS = "$(inherited) @executable_path/Frameworks";
				PRODUCT_BUNDLE_IDENTIFIER = com.app.ThesaurusApp;
				PRODUCT_NAME = "$(TARGET_NAME)";
			};
			name = Release;
		};
/* End XCBuildConfiguration section */

/* Begin XCConfigurationList section */
		C3D5978F1F01129B00202F11 /* Build configuration list for PBXProject "ThesaurusApp" */ = {
			isa = XCConfigurationList;
			buildConfigurations = (
				C3D597A71F01129B00202F11 /* Debug */,
				C3D597A81F01129B00202F11 /* Release */,
			);
			defaultConfigurationIsVisible = 0;
			defaultConfigurationName = Release;
		};
		C3D597A91F01129B00202F11 /* Build configuration list for PBXNativeTarget "ThesaurusApp" */ = {
			isa = XCConfigurationList;
			buildConfigurations = (
				C3D597AA1F01129B00202F11 /* Debug */,
				C3D597AB1F01129B00202F11 /* Release */,
			);
			defaultConfigurationIsVisible = 0;
			defaultConfigurationName = Release;
		};
/* End XCConfigurationList section */

/* Begin XCVersionGroup section */
		C3D5979E1F01129B00202F11 /* ThesaurusApp.xcdatamodeld */ = {
			isa = XCVersionGroup;
			children = (
				C3D5979F1F01129B00202F11 /* ThesaurusApp.xcdatamodel */,
			);
			currentVersion = C3D5979F1F01129B00202F11 /* ThesaurusApp.xcdatamodel */;
			path = ThesaurusApp.xcdatamodeld;
			sourceTree = "<group>";
			versionGroupType = wrapper.xcdatamodel;
		};
/* End XCVersionGroup section */
	};
	rootObject = C3D5978C1F01129B00202F11 /* Project object */;
}
